Microsoft Visual Studio Solution File, Format Version 11.00
# Visual Studio 2008

Project("{D48C4E5E-D7F2-613D-7DD8-C26411896C3E}") = "SoulProject", "Assembly-CSharp.csproj", "{26185B01-62D2-C743-1605-06F1EAA8194A}"
EndProject
Global
	GlobalSection(SolutionConfigurationPlatforms) = preSolution
		Debug|Any CPU = Debug|Any CPU
		Release|Any CPU = Release|Any CPU
	EndGlobalSection
	GlobalSection(ProjectConfigurationPlatforms) = postSolution
		{26185B01-62D2-C743-1605-06F1EAA8194A}.Debug|Any CPU.ActiveCfg = Debug|Any CPU
		{26185B01-62D2-C743-1605-06F1EAA8194A}.Debug|Any CPU.Build.0 = Debug|Any CPU
		{26185B01-62D2-C743-1605-06F1EAA8194A}.Release|Any CPU.ActiveCfg = Release|Any CPU
		{26185B01-62D2-C743-1605-06F1EAA8194A}.Release|Any CPU.Build.0 = Release|Any CPU
	EndGlobalSection
	GlobalSection(SolutionProperties) = preSolution
		HideSolutionNode = FALSE
	EndGlobalSection
	GlobalSection(MonoDevelopProperties) = preSolution
		StartupItem = Assembly-CSharp.csproj
	EndGlobalSection
EndGlobal
